
Microsoft Visual Studio Solution File, Format Version 12.00
# Visual Studio Version 16
VisualStudioVersion = 16.0.30320.27
MinimumVisualStudioVersion = 10.0.40219.1
Project("{A07B5EB6-E848-4116-A8D0-A826331D98C6}") = "webReact", "webReact\webReact.sfproj", "{DF84D465-5B82-45E2-A0EF-A757279C45FF}"
EndProject
Project("{FAE04EC0-301F-11D3-BF4B-00C04F79EFBC}") = "ReactWeb", "ReactWeb\ReactWeb.csproj", "{E1FDC4D3-DA7A-4369-A36B-6497715B56B2}"
EndProject
Global
	GlobalSection(SolutionConfigurationPlatforms) = preSolution
		Debug|Any CPU = Debug|Any CPU
		Debug|x64 = Debug|x64
		Release|Any CPU = Release|Any CPU
		Release|x64 = Release|x64
	EndGlobalSection
	GlobalSection(ProjectConfigurationPlatforms) = postSolution
		{DF84D465-5B82-45E2-A0EF-A757279C45FF}.Debug|Any CPU.ActiveCfg = Debug|x64
		{DF84D465-5B82-45E2-A0EF-A757279C45FF}.Debug|x64.ActiveCfg = Debug|x64
		{DF84D465-5B82-45E2-A0EF-A757279C45FF}.Debug|x64.Build.0 = Debug|x64
		{DF84D465-5B82-45E2-A0EF-A757279C45FF}.Debug|x64.Deploy.0 = Debug|x64
		{DF84D465-5B82-45E2-A0EF-A757279C45FF}.Release|Any CPU.ActiveCfg = Release|x64
		{DF84D465-5B82-45E2-A0EF-A757279C45FF}.Release|x64.ActiveCfg = Release|x64
		{DF84D465-5B82-45E2-A0EF-A757279C45FF}.Release|x64.Build.0 = Release|x64
		{DF84D465-5B82-45E2-A0EF-A757279C45FF}.Release|x64.Deploy.0 = Release|x64
		{E1FDC4D3-DA7A-4369-A36B-6497715B56B2}.Debug|Any CPU.ActiveCfg = Debug|Any CPU
		{E1FDC4D3-DA7A-4369-A36B-6497715B56B2}.Debug|Any CPU.Build.0 = Debug|Any CPU
		{E1FDC4D3-DA7A-4369-A36B-6497715B56B2}.Debug|x64.ActiveCfg = Debug|Any CPU
		{E1FDC4D3-DA7A-4369-A36B-6497715B56B2}.Debug|x64.Build.0 = Debug|Any CPU
		{E1FDC4D3-DA7A-4369-A36B-6497715B56B2}.Release|Any CPU.ActiveCfg = Release|Any CPU
		{E1FDC4D3-DA7A-4369-A36B-6497715B56B2}.Release|Any CPU.Build.0 = Release|Any CPU
		{E1FDC4D3-DA7A-4369-A36B-6497715B56B2}.Release|x64.ActiveCfg = Release|Any CPU
		{E1FDC4D3-DA7A-4369-A36B-6497715B56B2}.Release|x64.Build.0 = Release|Any CPU
	EndGlobalSection
	GlobalSection(SolutionProperties) = preSolution
		HideSolutionNode = FALSE
	EndGlobalSection
	GlobalSection(ExtensibilityGlobals) = postSolution
		SolutionGuid = {A3B1286A-0CCF-4CB3-B9DA-3FCF55B3EC75}
	EndGlobalSection
EndGlobal
